lockfileVersion: '9.0'

settings:
  autoInstallPeers: true
  excludeLinksFromLockfile: false

importers:

  .:
    devDependencies:
      prettier:
        specifier: ^3.6.2
        version: 3.8.3
      typescript:
        specifier: ^5.9.3
        version: 5.9.3

  packages/schemas:
    dependencies:
      zod:
        specifier: ^4.1.13
        version: 4.4.3
    devDependencies:
      '@check-in-board/tsconfig':
        specifier: workspace:*
        version: link:../tsconfig
      typescript:
        specifier: ^5.9.3
        version: 5.9.3

  packages/tsconfig: {}

packages:

  prettier@3.8.3:
    resolution: {integrity: sha512-7igPTM53cGHMW8xWuVTydi2KO233VFiTNyF5hLJqpilHfmn8C8gPf+PS7dUT64YcXFbiMGZxS9pCSxL/Dxm/Jw==}
    engines: {node: '>=14'}
    hasBin: true

  typescript@5.9.3:
    resolution: {integrity: sha512-jl1vZzPDinLr9eUt3J/t7V6FgNEw9QjvBPdysz9KfQDD41fQrC2Y4vKQdiaUpFT4bXlb1RHhLpp8wtm6M5TgSw==}
    engines: {node: '>=14.17'}
    hasBin: true

  zod@4.4.3:
    resolution: {integrity: sha512-ytENFjIJFl2UwYglde2jchW2Hwm4GJFLDiSXWdTrJQBIN9Fcyp7n4DhxJEiWNAJMV1/BqWfW/kkg71UDcHJyTQ==}

snapshots:

  prettier@3.8.3: {}

  typescript@5.9.3: {}

  zod@4.4.3: {}
